
Microsoft Visual Studio Solution File, Format Version 12.00
# Visual Studio Version 16
VisualStudioVersion = 16.0.28803.202
MinimumVisualStudioVersion = 10.0.40219.1
Project("{2150E333-8FDC-42A3-9474-1A3956D46DE8}") = "0- Presentation", "0- Presentation", "{3A1D3627-82E6-4598-A506-C81BF0262C92}"
EndProject
Project("{2150E333-8FDC-42A3-9474-1A3956D46DE8}") = "1- Services", "1- Services", "{CCEBB11A-8F0F-4CE1-A008-86A9EA58D36C}"
EndProject
Project("{2150E333-8FDC-42A3-9474-1A3956D46DE8}") = "2- Application", "2- Application", "{F7D0953E-2A80-4F4C-9A7A-7706E7DD3D69}"
EndProject
Project("{2150E333-8FDC-42A3-9474-1A3956D46DE8}") = "3 - Domain", "3 - Domain", "{D4B744C5-37E4-43A9-8146-B5F5D3F8A207}"
EndProject
Project("{2150E333-8FDC-42A3-9474-1A3956D46DE8}") = "4- Infra", "4- Infra", "{80F39EE3-0F8A-4400-860B-7C8CD27D1AC3}"
EndProject
Project("{2150E333-8FDC-42A3-9474-1A3956D46DE8}") = "4.1- Data", "4.1- Data", "{E3600341-AACD-419F-ADE6-490204690294}"
EndProject
Project("{2150E333-8FDC-42A3-9474-1A3956D46DE8}") = "4.2- CrossCutting", "4.2- CrossCutting", "{8DF76F3B-5709-4A8E-B4C4-2F4295854B73}"
EndProject
Project("{FAE04EC0-301F-11D3-BF4B-00C04F79EFBC}") = "ProjetoModeloDDD.MVC", "ProjetoModeloDDD.MVC\ProjetoModeloDDD.MVC.csproj", "{4D564A19-93EE-4DE8-972E-3F37A41CBEFF}"
EndProject
Project("{FAE04EC0-301F-11D3-BF4B-00C04F79EFBC}") = "ProjetoModeloDDD.Infra.Data", "ProjetoModeloDDD.Infra.Data\ProjetoModeloDDD.Infra.Data.csproj", "{081ECC6F-1746-4700-B3B0-6FCCD8A57B2D}"
EndProject
Project("{FAE04EC0-301F-11D3-BF4B-00C04F79EFBC}") = "ProjetoModeloDDD.Domai", "ProjetoModeloDDD.Domai\ProjetoModeloDDD.Domai.csproj", "{BAFB1868-9C70-48E5-9242-690241AF24E6}"
EndProject
Project("{FAE04EC0-301F-11D3-BF4B-00C04F79EFBC}") = "ProjetoModeloDDD.Application", "ProjetoModeloDDD.Application\ProjetoModeloDDD.Application.csproj", "{2B34B998-4D1A-4EF8-A69F-0103D9C68021}"
EndProject
Global
	GlobalSection(SolutionConfigurationPlatforms) = preSolution
		Debug|Any CPU = Debug|Any CPU
		Debug|ARM = Debug|ARM
		Debug|ARM64 = Debug|ARM64
		Debug|x64 = Debug|x64
		Debug|x86 = Debug|x86
		Release|Any CPU = Release|Any CPU
		Release|ARM = Release|ARM
		Release|ARM64 = Release|ARM64
		Release|x64 = Release|x64
		Release|x86 = Release|x86
	EndGlobalSection
	GlobalSection(ProjectConfigurationPlatforms) = postSolution
		{4D564A19-93EE-4DE8-972E-3F37A41CBEFF}.Debug|Any CPU.ActiveCfg = Debug|Any CPU
		{4D564A19-93EE-4DE8-972E-3F37A41CBEFF}.Debug|Any CPU.Build.0 = Debug|Any CPU
		{4D564A19-93EE-4DE8-972E-3F37A41CBEFF}.Debug|ARM.ActiveCfg = Debug|Any CPU
		{4D564A19-93EE-4DE8-972E-3F37A41CBEFF}.Debug|ARM.Build.0 = Debug|Any CPU
		{4D564A19-93EE-4DE8-972E-3F37A41CBEFF}.Debug|ARM64.ActiveCfg = Debug|Any CPU
		{4D564A19-93EE-4DE8-972E-3F37A41CBEFF}.Debug|ARM64.Build.0 = Debug|Any CPU
		{4D564A19-93EE-4DE8-972E-3F37A41CBEFF}.Debug|x64.ActiveCfg = Debug|Any CPU
		{4D564A19-93EE-4DE8-972E-3F37A41CBEFF}.Debug|x64.Build.0 = Debug|Any CPU
		{4D564A19-93EE-4DE8-972E-3F37A41CBEFF}.Debug|x86.ActiveCfg = Debug|Any CPU
		{4D564A19-93EE-4DE8-972E-3F37A41CBEFF}.Debug|x86.Build.0 = Debug|Any CPU
		{4D564A19-93EE-4DE8-972E-3F37A41CBEFF}.Release|Any CPU.ActiveCfg = Release|Any CPU
		{4D564A19-93EE-4DE8-972E-3F37A41CBEFF}.Release|Any CPU.Build.0 = Release|Any CPU
		{4D564A19-93EE-4DE8-972E-3F37A41CBEFF}.Release|ARM.ActiveCfg = Release|Any CPU
		{4D564A19-93EE-4DE8-972E-3F37A41CBEFF}.Release|ARM.Build.0 = Release|Any CPU
		{4D564A19-93EE-4DE8-972E-3F37A41CBEFF}.Release|ARM64.ActiveCfg = Release|Any CPU
		{4D564A19-93EE-4DE8-972E-3F37A41CBEFF}.Release|ARM64.Build.0 = Release|Any CPU
		{4D564A19-93EE-4DE8-972E-3F37A41CBEFF}.Release|x64.ActiveCfg = Release|Any CPU
		{4D564A19-93EE-4DE8-972E-3F37A41CBEFF}.Release|x64.Build.0 = Release|Any CPU
		{4D564A19-93EE-4DE8-972E-3F37A41CBEFF}.Release|x86.ActiveCfg = Release|Any CPU
		{4D564A19-93EE-4DE8-972E-3F37A41CBEFF}.Release|x86.Build.0 = Release|Any CPU
		{081ECC6F-1746-4700-B3B0-6FCCD8A57B2D}.Debug|Any CPU.ActiveCfg = Debug|Any CPU
		{081ECC6F-1746-4700-B3B0-6FCCD8A57B2D}.Debug|Any CPU.Build.0 = Debug|Any CPU
		{081ECC6F-1746-4700-B3B0-6FCCD8A57B2D}.Debug|ARM.ActiveCfg = Debug|Any CPU
		{081ECC6F-1746-4700-B3B0-6FCCD8A57B2D}.Debug|ARM.Build.0 = Debug|Any CPU
		{081ECC6F-1746-4700-B3B0-6FCCD8A57B2D}.Debug|ARM64.ActiveCfg = Debug|Any CPU
		{081ECC6F-1746-4700-B3B0-6FCCD8A57B2D}.Debug|ARM64.Build.0 = Debug|Any CPU
		{081ECC6F-1746-4700-B3B0-6FCCD8A57B2D}.Debug|x64.ActiveCfg = Debug|Any CPU
		{081ECC6F-1746-4700-B3B0-6FCCD8A57B2D}.Debug|x64.Build.0 = Debug|Any CPU
		{081ECC6F-1746-4700-B3B0-6FCCD8A57B2D}.Debug|x86.ActiveCfg = Debug|Any CPU
		{081ECC6F-1746-4700-B3B0-6FCCD8A57B2D}.Debug|x86.Build.0 = Debug|Any CPU
		{081ECC6F-1746-4700-B3B0-6FCCD8A57B2D}.Release|Any CPU.ActiveCfg = Release|Any CPU
		{081ECC6F-1746-4700-B3B0-6FCCD8A57B2D}.Release|Any CPU.Build.0 = Release|Any CPU
		{081ECC6F-1746-4700-B3B0-6FCCD8A57B2D}.Release|ARM.ActiveCfg = Release|Any CPU
		{081ECC6F-1746-4700-B3B0-6FCCD8A57B2D}.Release|ARM.Build.0 = Release|Any CPU
		{081ECC6F-1746-4700-B3B0-6FCCD8A57B2D}.Release|ARM64.ActiveCfg = Release|Any CPU
		{081ECC6F-1746-4700-B3B0-6FCCD8A57B2D}.Release|ARM64.Build.0 = Release|Any CPU
		{081ECC6F-1746-4700-B3B0-6FCCD8A57B2D}.Release|x64.ActiveCfg = Release|Any CPU
		{081ECC6F-1746-4700-B3B0-6FCCD8A57B2D}.Release|x64.Build.0 = Release|Any CPU
		{081ECC6F-1746-4700-B3B0-6FCCD8A57B2D}.Release|x86.ActiveCfg = Release|Any CPU
		{081ECC6F-1746-4700-B3B0-6FCCD8A57B2D}.Release|x86.Build.0 = Release|Any CPU
		{BAFB1868-9C70-48E5-9242-690241AF24E6}.Debug|Any CPU.ActiveCfg = Debug|Any CPU
		{BAFB1868-9C70-48E5-9242-690241AF24E6}.Debug|Any CPU.Build.0 = Debug|Any CPU
		{BAFB1868-9C70-48E5-9242-690241AF24E6}.Debug|ARM.ActiveCfg = Debug|Any CPU
		{BAFB1868-9C70-48E5-9242-690241AF24E6}.Debug|ARM.Build.0 = Debug|Any CPU
		{BAFB1868-9C70-48E5-9242-690241AF24E6}.Debug|ARM64.ActiveCfg = Debug|Any CPU
		{BAFB1868-9C70-48E5-9242-690241AF24E6}.Debug|ARM64.Build.0 = Debug|Any CPU
		{BAFB1868-9C70-48E5-9242-690241AF24E6}.Debug|x64.ActiveCfg = Debug|Any CPU
		{BAFB1868-9C70-48E5-9242-690241AF24E6}.Debug|x64.Build.0 = Debug|Any CPU
		{BAFB1868-9C70-48E5-9242-690241AF24E6}.Debug|x86.ActiveCfg = Debug|Any CPU
		{BAFB1868-9C70-48E5-9242-690241AF24E6}.Debug|x86.Build.0 = Debug|Any CPU
		{BAFB1868-9C70-48E5-9242-690241AF24E6}.Release|Any CPU.ActiveCfg = Release|Any CPU
		{BAFB1868-9C70-48E5-9242-690241AF24E6}.Release|Any CPU.Build.0 = Release|Any CPU
		{BAFB1868-9C70-48E5-9242-690241AF24E6}.Release|ARM.ActiveCfg = Release|Any CPU
		{BAFB1868-9C70-48E5-9242-690241AF24E6}.Release|ARM.Build.0 = Release|Any CPU
		{BAFB1868-9C70-48E5-9242-690241AF24E6}.Release|ARM64.ActiveCfg = Release|Any CPU
		{BAFB1868-9C70-48E5-9242-690241AF24E6}.Release|ARM64.Build.0 = Release|Any CPU
		{BAFB1868-9C70-48E5-9242-690241AF24E6}.Release|x64.ActiveCfg = Release|Any CPU
		{BAFB1868-9C70-48E5-9242-690241AF24E6}.Release|x64.Build.0 = Release|Any CPU
		{BAFB1868-9C70-48E5-9242-690241AF24E6}.Release|x86.ActiveCfg = Release|Any CPU
		{BAFB1868-9C70-48E5-9242-690241AF24E6}.Release|x86.Build.0 = Release|Any CPU
		{2B34B998-4D1A-4EF8-A69F-0103D9C68021}.Debug|Any CPU.ActiveCfg = Debug|Any CPU
		{2B34B998-4D1A-4EF8-A69F-0103D9C68021}.Debug|Any CPU.Build.0 = Debug|Any CPU
		{2B34B998-4D1A-4EF8-A69F-0103D9C68021}.Debug|ARM.ActiveCfg = Debug|Any CPU
		{2B34B998-4D1A-4EF8-A69F-0103D9C68021}.Debug|ARM.Build.0 = Debug|Any CPU
		{2B34B998-4D1A-4EF8-A69F-0103D9C68021}.Debug|ARM64.ActiveCfg = Debug|Any CPU
		{2B34B998-4D1A-4EF8-A69F-0103D9C68021}.Debug|ARM64.Build.0 = Debug|Any CPU
		{2B34B998-4D1A-4EF8-A69F-0103D9C68021}.Debug|x64.ActiveCfg = Debug|Any CPU
		{2B34B998-4D1A-4EF8-A69F-0103D9C68021}.Debug|x64.Build.0 = Debug|Any CPU
		{2B34B998-4D1A-4EF8-A69F-0103D9C68021}.Debug|x86.ActiveCfg = Debug|Any CPU
		{2B34B998-4D1A-4EF8-A69F-0103D9C68021}.Debug|x86.Build.0 = Debug|Any CPU
		{2B34B998-4D1A-4EF8-A69F-0103D9C68021}.Release|Any CPU.ActiveCfg = Release|Any CPU
		{2B34B998-4D1A-4EF8-A69F-0103D9C68021}.Release|Any CPU.Build.0 = Release|Any CPU
		{2B34B998-4D1A-4EF8-A69F-0103D9C68021}.Release|ARM.ActiveCfg = Release|Any CPU
		{2B34B998-4D1A-4EF8-A69F-0103D9C68021}.Release|ARM.Build.0 = Release|Any CPU
		{2B34B998-4D1A-4EF8-A69F-0103D9C68021}.Release|ARM64.ActiveCfg = Release|Any CPU
		{2B34B998-4D1A-4EF8-A69F-0103D9C68021}.Release|ARM64.Build.0 = Release|Any CPU
		{2B34B998-4D1A-4EF8-A69F-0103D9C68021}.Release|x64.ActiveCfg = Release|Any CPU
		{2B34B998-4D1A-4EF8-A69F-0103D9C68021}.Release|x64.Build.0 = Release|Any CPU
		{2B34B998-4D1A-4EF8-A69F-0103D9C68021}.Release|x86.ActiveCfg = Release|Any CPU
		{2B34B998-4D1A-4EF8-A69F-0103D9C68021}.Release|x86.Build.0 = Release|Any CPU
	EndGlobalSection
	GlobalSection(SolutionProperties) = preSolution
		HideSolutionNode = FALSE
	EndGlobalSection
	GlobalSection(NestedProjects) = preSolution
		{E3600341-AACD-419F-ADE6-490204690294} = {80F39EE3-0F8A-4400-860B-7C8CD27D1AC3}
		{8DF76F3B-5709-4A8E-B4C4-2F4295854B73} = {80F39EE3-0F8A-4400-860B-7C8CD27D1AC3}
		{4D564A19-93EE-4DE8-972E-3F37A41CBEFF} = {3A1D3627-82E6-4598-A506-C81BF0262C92}
		{081ECC6F-1746-4700-B3B0-6FCCD8A57B2D} = {E3600341-AACD-419F-ADE6-490204690294}
		{BAFB1868-9C70-48E5-9242-690241AF24E6} = {D4B744C5-37E4-43A9-8146-B5F5D3F8A207}
		{2B34B998-4D1A-4EF8-A69F-0103D9C68021} = {F7D0953E-2A80-4F4C-9A7A-7706E7DD3D69}
	EndGlobalSection
	GlobalSection(ExtensibilityGlobals) = postSolution
		SolutionGuid = {5396C6BE-E5B8-444B-A163-1A28AC3D3A05}
	EndGlobalSection
EndGlobal
